// !$*UTF8*$!
{
	archiveVersion = 1;
	classes = {
	};
	objectVersion = 46;
	objects = {

/* Begin PBXBuildFile section */
		822D81151BF462CD006E3515 /* labList.m in Sources */ = {isa = PBXBuildFile; fileRef = 822D81141BF462CD006E3515 /* labList.m */; };
		826C11511BF60B3B00EFE372 /* labCell.m in Sources */ = {isa = PBXBuildFile; fileRef = 826C11501BF60B3B00EFE372 /* labCell.m */; };
		82C5F3CF1BF36CFC00D10F72 /* dataModel.m in Sources */ = {isa = PBXBuildFile; fileRef = 82C5F3CE1BF36CFC00D10F72 /* dataModel.m */; };
		82E88C7E1BF2F42000372F2A /* main.m in Sources */ = {isa = PBXBuildFile; fileRef = 82E88C7D1BF2F42000372F2A /* main.m */; };
		82E88C811BF2F42000372F2A /* AppDelegate.m in Sources */ = {isa = PBXBuildFile; fileRef = 82E88C801BF2F42000372F2A /* AppDelegate.m */; };
		82E88C841BF2F42000372F2A /* ViewController.m in Sources */ = {isa = PBXBuildFile; fileRef = 82E88C831BF2F42000372F2A /* ViewController.m */; };
		82E88C871BF2F42000372F2A /* Main.storyboard in Resources */ = {isa = PBXBuildFile; fileRef = 82E88C851BF2F42000372F2A /* Main.storyboard */; };
		82E88C891BF2F42000372F2A /* Assets.xcassets in Resources */ = {isa = PBXBuildFile; fileRef = 82E88C881BF2F42000372F2A /* Assets.xcassets */; };
		82E88C8C1BF2F42000372F2A /* LaunchScreen.storyboard in Resources */ = {isa = PBXBuildFile; fileRef = 82E88C8A1BF2F42000372F2A /* LaunchScreen.storyboard */; };
		82E88C981BF3200000372F2A /* pageListVc.m in Sources */ = {isa = PBXBuildFile; fileRef = 82E88C971BF3200000372F2A /* pageListVc.m */; };
		82E88C9B1BF331CE00372F2A /* ListCell.m in Sources */ = {isa = PBXBuildFile; fileRef = 82E88C9A1BF331CE00372F2A /* ListCell.m */; };
		82F3D93E1BF373D80078D39C /* dataList.plist in Resources */ = {isa = PBXBuildFile; fileRef = 82F3D93D1BF373D80078D39C /* dataList.plist */; };
		82F3D9411BF39B160078D39C /* animationModal.m in Sources */ = {isa = PBXBuildFile; fileRef = 82F3D9401BF39B160078D39C /* animationModal.m */; };
/* End PBXBuildFile section */

/* Begin PBXFileReference section */
		822D81131BF462CD006E3515 /* labList.h */ = {isa = PBXFileReference; fileEncoding = 4; lastKnownFileType = sourcecode.c.h; path = labList.h; sourceTree = "<group>"; };
		822D81141BF462CD006E3515 /* labList.m */ = {isa = PBXFileReference; fileEncoding = 4; lastKnownFileType = sourcecode.c.objc; path = labList.m; sourceTree = "<group>"; };
		826C114F1BF60B3B00EFE372 /* labCell.h */ = {isa = PBXFileReference; fileEncoding = 4; lastKnownFileType = sourcecode.c.h; path = labCell.h; sourceTree = "<group>"; };
		826C11501BF60B3B00EFE372 /* labCell.m */ = {isa = PBXFileReference; fileEncoding = 4; lastKnownFileType = sourcecode.c.objc; path = labCell.m; sourceTree = "<group>"; };
		82C5F3CD1BF36CFC00D10F72 /* dataModel.h */ = {isa = PBXFileReference; fileEncoding = 4; lastKnownFileType = sourcecode.c.h; path = dataModel.h; sourceTree = "<group>"; };
		82C5F3CE1BF36CFC00D10F72 /* dataModel.m */ = {isa = PBXFileReference; fileEncoding = 4; lastKnownFileType = sourcecode.c.objc; path = dataModel.m; sourceTree = "<group>"; };
		82E88C791BF2F42000372F2A /* 最美应用(展示部分).app */ = {isa = PBXFileReference; explicitFileType = wrapper.application; includeInIndex = 0; path = "最美应用(展示部分).app"; sourceTree = BUILT_PRODUCTS_DIR; };
		82E88C7D1BF2F42000372F2A /* main.m */ = {isa = PBXFileReference; lastKnownFileType = sourcecode.c.objc; path = main.m; sourceTree = "<group>"; };
		82E88C7F1BF2F42000372F2A /* AppDelegate.h */ = {isa = PBXFileReference; lastKnownFileType = sourcecode.c.h; path = AppDelegate.h; sourceTree = "<group>"; };
		82E88C801BF2F42000372F2A /* AppDelegate.m */ = {isa = PBXFileReference; lastKnownFileType = sourcecode.c.objc; path = AppDelegate.m; sourceTree = "<group>"; };
		82E88C821BF2F42000372F2A /* ViewController.h */ = {isa = PBXFileReference; lastKnownFileType = sourcecode.c.h; path = ViewController.h; sourceTree = "<group>"; };
		82E88C831BF2F42000372F2A /* ViewController.m */ = {isa = PBXFileReference; lastKnownFileType = sourcecode.c.objc; path = ViewController.m; sourceTree = "<group>"; };
		82E88C861BF2F42000372F2A /* Base */ = {isa = PBXFileReference; lastKnownFileType = file.storyboard; name = Base; path = Base.lproj/Main.storyboard; sourceTree = "<group>"; };
		82E88C881BF2F42000372F2A /* Assets.xcassets */ = {isa = PBXFileReference; lastKnownFileType = folder.assetcatalog; path = Assets.xcassets; sourceTree = "<group>"; };
		82E88C8B1BF2F42000372F2A /* Base */ = {isa = PBXFileReference; lastKnownFileType = file.storyboard; name = Base; path = Base.lproj/LaunchScreen.storyboard; sourceTree = "<group>"; };
		82E88C8D1BF2F42000372F2A /* Info.plist */ = {isa = PBXFileReference; lastKnownFileType = text.plist.xml; path = Info.plist; sourceTree = "<group>"; };
		82E88C961BF3200000372F2A /* pageListVc.h */ = {isa = PBXFileReference; fileEncoding = 4; lastKnownFileType = sourcecode.c.h; path = pageListVc.h; sourceTree = "<group>"; };
		82E88C971BF3200000372F2A /* pageListVc.m */ = {isa = PBXFileReference; fileEncoding = 4; lastKnownFileType = sourcecode.c.objc; path = pageListVc.m; sourceTree = "<group>"; };
		82E88C991BF331CE00372F2A /* ListCell.h */ = {isa = PBXFileReference; fileEncoding = 4; lastKnownFileType = sourcecode.c.h; path = ListCell.h; sourceTree = "<group>"; };
		82E88C9A1BF331CE00372F2A /* ListCell.m */ = {isa = PBXFileReference; fileEncoding = 4; lastKnownFileType = sourcecode.c.objc; path = ListCell.m; sourceTree = "<group>"; };
		82F3D93D1BF373D80078D39C /* dataList.plist */ = {isa = PBXFileReference; fileEncoding = 4; lastKnownFileType = text.plist.xml; path = dataList.plist; sourceTree = "<group>"; };
		82F3D93F1BF39B160078D39C /* animationModal.h */ = {isa = PBXFileReference; fileEncoding = 4; lastKnownFileType = sourcecode.c.h; path = animationModal.h; sourceTree = "<group>"; };
		82F3D9401BF39B160078D39C /* animationModal.m */ = {isa = PBXFileReference; fileEncoding = 4; lastKnownFileType = sourcecode.c.objc; path = animationModal.m; sourceTree = "<group>"; };
/* End PBXFileReference section */

/* Begin PBXFrameworksBuildPhase section */
		82E88C761BF2F42000372F2A /* Frameworks */ = {
			isa = PBXFrameworksBuildPhase;
			buildActionMask = 2147483647;
			files = (
			);
			runOnlyForDeploymentPostprocessing = 0;
		};
/* End PBXFrameworksBuildPhase section */

/* Begin PBXGroup section */
		822D81111BF46274006E3515 /* page */ = {
			isa = PBXGroup;
			children = (
				82E88C961BF3200000372F2A /* pageListVc.h */,
				82E88C971BF3200000372F2A /* pageListVc.m */,
				82E88C991BF331CE00372F2A /* ListCell.h */,
				82E88C9A1BF331CE00372F2A /* ListCell.m */,
				822D81131BF462CD006E3515 /* labList.h */,
				822D81141BF462CD006E3515 /* labList.m */,
				826C114F1BF60B3B00EFE372 /* labCell.h */,
				826C11501BF60B3B00EFE372 /* labCell.m */,
			);
			name = page;
			sourceTree = "<group>";
		};
		822D81121BF46284006E3515 /* model */ = {
			isa = PBXGroup;
			children = (
				82C5F3CD1BF36CFC00D10F72 /* dataModel.h */,
				82C5F3CE1BF36CFC00D10F72 /* dataModel.m */,
			);
			name = model;
			sourceTree = "<group>";
		};
		82E88C701BF2F42000372F2A = {
			isa = PBXGroup;
			children = (
				82E88C7B1BF2F42000372F2A /* 最美应用(展示部分) */,
				82E88C7A1BF2F42000372F2A /* Products */,
			);
			sourceTree = "<group>";
		};
		82E88C7A1BF2F42000372F2A /* Products */ = {
			isa = PBXGroup;
			children = (
				82E88C791BF2F42000372F2A /* 最美应用(展示部分).app */,
			);
			name = Products;
			sourceTree = "<group>";
		};
		82E88C7B1BF2F42000372F2A /* 最美应用(展示部分) */ = {
			isa = PBXGroup;
			children = (
				82E88C7F1BF2F42000372F2A /* AppDelegate.h */,
				82E88C801BF2F42000372F2A /* AppDelegate.m */,
				822D81111BF46274006E3515 /* page */,
				822D81121BF46284006E3515 /* model */,
				82E88C821BF2F42000372F2A /* ViewController.h */,
				82E88C831BF2F42000372F2A /* ViewController.m */,
				82F3D93F1BF39B160078D39C /* animationModal.h */,
				82F3D9401BF39B160078D39C /* animationModal.m */,
				82E88C851BF2F42000372F2A /* Main.storyboard */,
				82E88C881BF2F42000372F2A /* Assets.xcassets */,
				82E88C8A1BF2F42000372F2A /* LaunchScreen.storyboard */,
				82F3D93D1BF373D80078D39C /* dataList.plist */,
				82E88C8D1BF2F42000372F2A /* Info.plist */,
				82E88C7C1BF2F42000372F2A /* Supporting Files */,
			);
			path = "最美应用(展示部分)";
			sourceTree = "<group>";
		};
		82E88C7C1BF2F42000372F2A /* Supporting Files */ = {
			isa = PBXGroup;
			children = (
				82E88C7D1BF2F42000372F2A /* main.m */,
			);
			name = "Supporting Files";
			sourceTree = "<group>";
		};
/* End PBXGroup section */

/* Begin PBXNativeTarget section */
		82E88C781BF2F42000372F2A /* 最美应用(展示部分) */ = {
			isa = PBXNativeTarget;
			buildConfigurationList = 82E88C901BF2F42000372F2A /* Build configuration list for PBXNativeTarget "最美应用(展示部分)" */;
			buildPhases = (
				82E88C751BF2F42000372F2A /* Sources */,
				82E88C761BF2F42000372F2A /* Frameworks */,
				82E88C771BF2F42000372F2A /* Resources */,
			);
			buildRules = (
			);
			dependencies = (
			);
			name = "最美应用(展示部分)";
			productName = "最美应用(展示部分)";
			productReference = 82E88C791BF2F42000372F2A /* 最美应用(展示部分).app */;
			productType = "com.apple.product-type.application";
		};
/* End PBXNativeTarget section */

/* Begin PBXProject section */
		82E88C711BF2F42000372F2A /* Project object */ = {
			isa = PBXProject;
			attributes = {
				LastUpgradeCheck = 0710;
				ORGANIZATIONNAME = "阿城";
				TargetAttributes = {
					82E88C781BF2F42000372F2A = {
						CreatedOnToolsVersion = 7.1;
						DevelopmentTeam = BG83EUD3LL;
					};
				};
			};
			buildConfigurationList = 82E88C741BF2F42000372F2A /* Build configuration list for PBXProject "最美应用(展示部分)" */;
			compatibilityVersion = "Xcode 3.2";
			developmentRegion = English;
			hasScannedForEncodings = 0;
			knownRegions = (
				en,
				Base,
			);
			mainGroup = 82E88C701BF2F42000372F2A;
			productRefGroup = 82E88C7A1BF2F42000372F2A /* Products */;
			projectDirPath = "";
			projectRoot = "";
			targets = (
				82E88C781BF2F42000372F2A /* 最美应用(展示部分) */,
			);
		};
/* End PBXProject section */

/* Begin PBXResourcesBuildPhase section */
		82E88C771BF2F42000372F2A /* Resources */ = {
			isa = PBXResourcesBuildPhase;
			buildActionMask = 2147483647;
			files = (
				82E88C8C1BF2F42000372F2A /* LaunchScreen.storyboard in Resources */,
				82E88C891BF2F42000372F2A /* Assets.xcassets in Resources */,
				82F3D93E1BF373D80078D39C /* dataList.plist in Resources */,
				82E88C871BF2F42000372F2A /* Main.storyboard in Resources */,
			);
			runOnlyForDeploymentPostprocessing = 0;
		};
/* End PBXResourcesBuildPhase section */

/* Begin PBXSourcesBuildPhase section */
		82E88C751BF2F42000372F2A /* Sources */ = {
			isa = PBXSourcesBuildPhase;
			buildActionMask = 2147483647;
			files = (
				82E88C841BF2F42000372F2A /* ViewController.m in Sources */,
				82E88C981BF3200000372F2A /* pageListVc.m in Sources */,
				826C11511BF60B3B00EFE372 /* labCell.m in Sources */,
				82E88C811BF2F42000372F2A /* AppDelegate.m in Sources */,
				82C5F3CF1BF36CFC00D10F72 /* dataModel.m in Sources */,
				82E88C9B1BF331CE00372F2A /* ListCell.m in Sources */,
				82E88C7E1BF2F42000372F2A /* main.m in Sources */,
				82F3D9411BF39B160078D39C /* animationModal.m in Sources */,
				822D81151BF462CD006E3515 /* labList.m in Sources */,
			);
			runOnlyForDeploymentPostprocessing = 0;
		};
/* End PBXSourcesBuildPhase section */

/* Begin PBXVariantGroup section */
		82E88C851BF2F42000372F2A /* Main.storyboard */ = {
			isa = PBXVariantGroup;
			children = (
				82E88C861BF2F42000372F2A /* Base */,
			);
			name = Main.storyboard;
			sourceTree = "<group>";
		};
		82E88C8A1BF2F42000372F2A /* LaunchScreen.storyboard */ = {
			isa = PBXVariantGroup;
			children = (
				82E88C8B1BF2F42000372F2A /* Base */,
			);
			name = LaunchScreen.storyboard;
			sourceTree = "<group>";
		};
/* End PBXVariantGroup section */

/* Begin XCBuildConfiguration section */
		82E88C8E1BF2F42000372F2A /* Debug */ = {
			isa = XCBuildConfiguration;
			buildSettings = {
				ALWAYS_SEARCH_USER_PATHS = NO;
				CLANG_CXX_LANGUAGE_STANDARD = "gnu++0x";
				CLANG_CXX_LIBRARY = "libc++";
				CLANG_ENABLE_MODULES = YES;
				CLANG_ENABLE_OBJC_ARC = YES;
				CLANG_WARN_BOOL_CONVERSION = YES;
				CLANG_WARN_CONSTANT_CONVERSION = YES;
				CLANG_WARN_DIRECT_OBJC_ISA_USAGE = YES_ERROR;
				CLANG_WARN_EMPTY_BODY = YES;
				CLANG_WARN_ENUM_CONVERSION = YES;
				CLANG_WARN_INT_CONVERSION = YES;
				CLANG_WARN_OBJC_ROOT_CLASS = YES_ERROR;
				CLANG_WARN_UNREACHABLE_CODE = YES;
				CLANG_WARN__DUPLICATE_METHOD_MATCH = YES;
				"CODE_SIGN_IDENTITY[sdk=iphoneos*]" = "iPhone Developer";
				COPY_PHASE_STRIP = NO;
				DEBUG_INFORMATION_FORMAT = dwarf;
				ENABLE_STRICT_OBJC_MSGSEND = YES;
				ENABLE_TESTABILITY = YES;
				GCC_C_LANGUAGE_STANDARD = gnu99;
				GCC_DYNAMIC_NO_PIC = NO;
				GCC_NO_COMMON_BLOCKS = YES;
				GCC_OPTIMIZATION_LEVEL = 0;
				GCC_PREPROCESSOR_DEFINITIONS = (
					"DEBUG=1",
					"$(inherited)",
				);
				GCC_WARN_64_TO_32_BIT_CONVERSION = YES;
				GCC_WARN_ABOUT_RETURN_TYPE = YES_ERROR;
				GCC_WARN_UNDECLARED_SELECTOR = YES;
				GCC_WARN_UNINITIALIZED_AUTOS = YES_AGGRESSIVE;
				GCC_WARN_UNUSED_FUNCTION = YES;
				GCC_WARN_UNUSED_VARIABLE = YES;
				IPHONEOS_DEPLOYMENT_TARGET = 9.1;
				MTL_ENABLE_DEBUG_INFO = YES;
				ONLY_ACTIVE_ARCH = YES;
				SDKROOT = iphoneos;
				TARGETED_DEVICE_FAMILY = "1,2";
			};
			name = Debug;
		};
		82E88C8F1BF2F42000372F2A /* Release */ = {
			isa = XCBuildConfiguration;
			buildSettings = {
				ALWAYS_SEARCH_USER_PATHS = NO;
				CLANG_CXX_LANGUAGE_STANDARD = "gnu++0x";
				CLANG_CXX_LIBRARY = "libc++";
				CLANG_ENABLE_MODULES = YES;
				CLANG_ENABLE_OBJC_ARC = YES;
				CLANG_WARN_BOOL_CONVERSION = YES;
				CLANG_WARN_CONSTANT_CONVERSION = YES;
				CLANG_WARN_DIRECT_OBJC_ISA_USAGE = YES_ERROR;
				CLANG_WARN_EMPTY_BODY = YES;
				CLANG_WARN_ENUM_CONVERSION = YES;
				CLANG_WARN_INT_CONVERSION = YES;
				CLANG_WARN_OBJC_ROOT_CLASS = YES_ERROR;
				CLANG_WARN_UNREACHABLE_CODE = YES;
				CLANG_WARN__DUPLICATE_METHOD_MATCH = YES;
				"CODE_SIGN_IDENTITY[sdk=iphoneos*]" = "iPhone Developer";
				COPY_PHASE_STRIP = NO;
				DEBUG_INFORMATION_FORMAT = "dwarf-with-dsym";
				ENABLE_NS_ASSERTIONS = NO;
				ENABLE_STRICT_OBJC_MSGSEND = YES;
				GCC_C_LANGUAGE_STANDARD = gnu99;
				GCC_NO_COMMON_BLOCKS = YES;
				GCC_WARN_64_TO_32_BIT_CONVERSION = YES;
				GCC_WARN_ABOUT_RETURN_TYPE = YES_ERROR;
				GCC_WARN_UNDECLARED_SELECTOR = YES;
				GCC_WARN_UNINITIALIZED_AUTOS = YES_AGGRESSIVE;
				GCC_WARN_UNUSED_FUNCTION = YES;
				GCC_WARN_UNUSED_VARIABLE = YES;
				IPHONEOS_DEPLOYMENT_TARGET = 9.1;
				MTL_ENABLE_DEBUG_INFO = NO;
				SDKROOT = iphoneos;
				TARGETED_DEVICE_FAMILY = "1,2";
				VALIDATE_PRODUCT = YES;
			};
			name = Release;
		};
		82E88C911BF2F42000372F2A /* Debug */ = {
			isa = XCBuildConfiguration;
			buildSettings = {
				ASSETCATALOG_COMPILER_APPICON_NAME = AppIcon;
				INFOPLIST_FILE = "最美应用(展示部分)/Info.plist";
				LD_RUNPATH_SEARCH_PATHS = "$(inherited) @executable_path/Frameworks";
				PRODUCT_BUNDLE_IDENTIFIER = acheng.beauty;
				PRODUCT_NAME = "$(TARGET_NAME)";
			};
			name = Debug;
		};
		82E88C921BF2F42000372F2A /* Release */ = {
			isa = XCBuildConfiguration;
			buildSettings = {
				ASSETCATALOG_COMPILER_APPICON_NAME = AppIcon;
				INFOPLIST_FILE = "最美应用(展示部分)/Info.plist";
				LD_RUNPATH_SEARCH_PATHS = "$(inherited) @executable_path/Frameworks";
				PRODUCT_BUNDLE_IDENTIFIER = acheng.beauty;
				PRODUCT_NAME = "$(TARGET_NAME)";
			};
			name = Release;
		};
/* End XCBuildConfiguration section */

/* Begin XCConfigurationList section */
		82E88C741BF2F42000372F2A /* Build configuration list for PBXProject "最美应用(展示部分)" */ = {
			isa = XCConfigurationList;
			buildConfigurations = (
				82E88C8E1BF2F42000372F2A /* Debug */,
				82E88C8F1BF2F42000372F2A /* Release */,
			);
			defaultConfigurationIsVisible = 0;
			defaultConfigurationName = Release;
		};
		82E88C901BF2F42000372F2A /* Build configuration list for PBXNativeTarget "最美应用(展示部分)" */ = {
			isa = XCConfigurationList;
			buildConfigurations = (
				82E88C911BF2F42000372F2A /* Debug */,
				82E88C921BF2F42000372F2A /* Release */,
			);
			defaultConfigurationIsVisible = 0;
			defaultConfigurationName = Release;
		};
/* End XCConfigurationList section */
	};
	rootObject = 82E88C711BF2F42000372F2A /* Project object */;
}
